
Microsoft Visual Studio Solution File, Format Version 12.00
# Visual Studio Version 17
VisualStudioVersion = 17.10.35122.118
MinimumVisualStudioVersion = 10.0.40219.1
Project("{FAE04EC0-301F-11D3-BF4B-00C04F79EFBC}") = "8", "8\8.csproj", "{D92630E0-83BD-4930-A081-4467B90B3821}"
EndProject
Global
	GlobalSection(SolutionConfigurationPlatforms) = preSolution
		Debug|Any CPU = Debug|Any CPU
		Release|Any CPU = Release|Any CPU
	EndGlobalSection
	GlobalSection(ProjectConfigurationPlatforms) = postSolution
		{D92630E0-83BD-4930-A081-4467B90B3821}.Debug|Any CPU.ActiveCfg = Debug|Any CPU
		{D92630E0-83BD-4930-A081-4467B90B3821}.Debug|Any CPU.Build.0 = Debug|Any CPU
		{D92630E0-83BD-4930-A081-4467B90B3821}.Release|Any CPU.ActiveCfg = Release|Any CPU
		{D92630E0-83BD-4930-A081-4467B90B3821}.Release|Any CPU.Build.0 = Release|Any CPU
	EndGlobalSection
	GlobalSection(SolutionProperties) = preSolution
		HideSolutionNode = FALSE
	EndGlobalSection
	GlobalSection(ExtensibilityGlobals) = postSolution
		SolutionGuid = {B619029B-57DA-40F3-90D5-37C6466B25B2}
	EndGlobalSection
EndGlobal
