
Microsoft Visual Studio Solution File, Format Version 12.00
# Visual Studio Version 17
VisualStudioVersion = 17.10.35122.118
MinimumVisualStudioVersion = 10.0.40219.1
Project("{8BC9CEB8-8B4A-11D0-8D11-00A0C91BC942}") = "SELab17", "SELab17\SELab17.vcxproj", "{D751460A-99DC-4710-B88B-DAC75A05A77F}"
EndProject
Project("{8BC9CEB8-8B4A-11D0-8D11-00A0C91BC942}") = "GMSStandardLib", "GMSStandardLib\GMSStandardLib.vcxproj", "{B1EB5E5C-F78D-436C-A1AC-6647F024F70B}"
EndProject
Project("{8BC9CEB8-8B4A-11D0-8D11-00A0C91BC942}") = "asm1", "asm1\asm1\asm1.vcxproj", "{DC972AA9-1B6C-462B-9E98-22C39808B482}"
EndProject
Global
	GlobalSection(SolutionConfigurationPlatforms) = preSolution
		Debug|x64 = Debug|x64
		Debug|x86 = Debug|x86
		Release|x64 = Release|x64
		Release|x86 = Release|x86
	EndGlobalSection
	GlobalSection(ProjectConfigurationPlatforms) = postSolution
		{D751460A-99DC-4710-B88B-DAC75A05A77F}.Debug|x64.ActiveCfg = Debug|x64
		{D751460A-99DC-4710-B88B-DAC75A05A77F}.Debug|x64.Build.0 = Debug|x64
		{D751460A-99DC-4710-B88B-DAC75A05A77F}.Debug|x86.ActiveCfg = Debug|Win32
		{D751460A-99DC-4710-B88B-DAC75A05A77F}.Debug|x86.Build.0 = Debug|Win32
		{D751460A-99DC-4710-B88B-DAC75A05A77F}.Release|x64.ActiveCfg = Release|x64
		{D751460A-99DC-4710-B88B-DAC75A05A77F}.Release|x64.Build.0 = Release|x64
		{D751460A-99DC-4710-B88B-DAC75A05A77F}.Release|x86.ActiveCfg = Release|Win32
		{D751460A-99DC-4710-B88B-DAC75A05A77F}.Release|x86.Build.0 = Release|Win32
		{B1EB5E5C-F78D-436C-A1AC-6647F024F70B}.Debug|x64.ActiveCfg = Debug|x64
		{B1EB5E5C-F78D-436C-A1AC-6647F024F70B}.Debug|x64.Build.0 = Debug|x64
		{B1EB5E5C-F78D-436C-A1AC-6647F024F70B}.Debug|x86.ActiveCfg = Debug|Win32
		{B1EB5E5C-F78D-436C-A1AC-6647F024F70B}.Debug|x86.Build.0 = Debug|Win32
		{B1EB5E5C-F78D-436C-A1AC-6647F024F70B}.Release|x64.ActiveCfg = Release|x64
		{B1EB5E5C-F78D-436C-A1AC-6647F024F70B}.Release|x64.Build.0 = Release|x64
		{B1EB5E5C-F78D-436C-A1AC-6647F024F70B}.Release|x86.ActiveCfg = Release|Win32
		{B1EB5E5C-F78D-436C-A1AC-6647F024F70B}.Release|x86.Build.0 = Release|Win32
		{DC972AA9-1B6C-462B-9E98-22C39808B482}.Debug|x64.ActiveCfg = Debug|x64
		{DC972AA9-1B6C-462B-9E98-22C39808B482}.Debug|x64.Build.0 = Debug|x64
		{DC972AA9-1B6C-462B-9E98-22C39808B482}.Debug|x86.ActiveCfg = Debug|Win32
		{DC972AA9-1B6C-462B-9E98-22C39808B482}.Debug|x86.Build.0 = Debug|Win32
		{DC972AA9-1B6C-462B-9E98-22C39808B482}.Release|x64.ActiveCfg = Release|x64
		{DC972AA9-1B6C-462B-9E98-22C39808B482}.Release|x64.Build.0 = Release|x64
		{DC972AA9-1B6C-462B-9E98-22C39808B482}.Release|x86.ActiveCfg = Release|Win32
		{DC972AA9-1B6C-462B-9E98-22C39808B482}.Release|x86.Build.0 = Release|Win32
	EndGlobalSection
	GlobalSection(SolutionProperties) = preSolution
		HideSolutionNode = FALSE
	EndGlobalSection
	GlobalSection(ExtensibilityGlobals) = postSolution
		SolutionGuid = {9152AC01-CF0B-4D4A-A829-71003939CFAD}
	EndGlobalSection
EndGlobal
